PODS:
  - appcenter (0.0.1):
    - AppCenter
    - Flutter
  - AppCenter (1.2.0):
    - AppCenter/Analytics (= 1.2.0)
    - AppCenter/Crashes (= 1.2.0)
  - AppCenter/Analytics (1.2.0):
    - AppCenter/Core
  - AppCenter/Core (1.2.0)
  - AppCenter/Crashes (1.2.0):
    - AppCenter/Core
  - appcenter_analytics (0.0.1):
    - AppCenter/Analytics
    - Flutter
  - appcenter_crashes (0.0.1):
    - AppCenter/Crashes
    - Flutter
  - Flutter (1.0.0)

DEPENDENCIES:
  - appcenter (from `.symlinks/plugins/appcenter/ios`)
  - appcenter_analytics (from `.symlinks/plugins/appcenter_analytics/ios`)
  - appcenter_crashes (from `.symlinks/plugins/appcenter_crashes/ios`)
  - Flutter (from `Flutter`)

SPEC REPOS:
  trunk:
    - AppCenter

EXTERNAL SOURCES:
  appcenter:
    :path: ".symlinks/plugins/appcenter/ios"
  appcenter_analytics:
    :path: ".symlinks/plugins/appcenter_analytics/ios"
  appcenter_crashes:
    :path: ".symlinks/plugins/appcenter_crashes/ios"
  Flutter:
    :path: Flutter

SPEC CHECKSUMS:
  AppCenter: d0b68b2a7a87ac0aed78e66f36d87fd321d0a29c
  appcenter: d85aaaf534125cf92375577f086ca0925c817d1d
  appcenter_analytics: 134239ec65a6097fee5f0407e24423f583bd5942
  appcenter_crashes: bfde7d247f431a7bbe6b038709261f0432c4b2a6
  Flutter: 0e3d915762c693b495b44d77113d4970485de6ec

PODFILE CHECKSUM: 3dbe063e9c90a5d7c9e4e76e70a821b9e2c1d271

COCOAPODS: 1.8.3
