PODS:
  - appcenter (0.0.1):
    - AppCenter
    - Flutter
  - AppCenter (1.0.1):
    - AppCenter/Analytics (= 1.0.1)
    - AppCenter/Crashes (= 1.0.1)
  - AppCenter/Analytics (1.0.1):
    - AppCenter/Core
  - AppCenter/Core (1.0.1)
  - AppCenter/Crashes (1.0.1):
    - AppCenter/Core
  - appcenter_analytics (0.0.1):
    - AppCenter/Analytics
    - Flutter
  - appcenter_crashes (0.0.1):
    - AppCenter/Crashes
    - Flutter
  - Flutter (1.0.0)

DEPENDENCIES:
  - appcenter (from `/Users/alois/flutter_plugin_appcenter/src/appcenter/ios`)
  - appcenter_analytics (from `/Users/alois/flutter_plugin_appcenter/src/appcenter_analytics/ios`)
  - appcenter_crashes (from `/Users/alois/flutter_plugin_appcenter/src/appcenter_crashes/ios`)
  - Flutter (from `/Users/alois/flutter/bin/cache/artifacts/engine/ios`)

EXTERNAL SOURCES:
  appcenter:
    :path: /Users/alois/flutter_plugin_appcenter/src/appcenter/ios
  appcenter_analytics:
    :path: /Users/alois/flutter_plugin_appcenter/src/appcenter_analytics/ios
  appcenter_crashes:
    :path: /Users/alois/flutter_plugin_appcenter/src/appcenter_crashes/ios
  Flutter:
    :path: /Users/alois/flutter/bin/cache/artifacts/engine/ios

SPEC CHECKSUMS:
  AppCenter: 1d9e08e4ffe7a8eab6e9741a12d27e44074e73a7
  appcenter: ec63d9079174977ead44a0040ff083d6dd4c94c5
  appcenter_analytics: 46cd35cb5fac57f7a4b2ae5d5040f984b4ad4b5a
  appcenter_crashes: 1b06d86617183e4778779b59f85a25c4bbc89493
  Flutter: d674e78c937094a75ac71dd77e921e840bea3dbf

PODFILE CHECKSUM: 351e02e34b831289961ec3558a535cbd2c4965d2

COCOAPODS: 1.3.1
